
Microsoft Visual Studio Solution File, Format Version 12.00
# Visual Studio Version 17
VisualStudioVersion = 17.3.32929.385
MinimumVisualStudioVersion = 10.0.40219.1
Project("{FAE04EC0-301F-11D3-BF4B-00C04F79EFBC}") = "intelEmulator8086", "intelEmulator8086\intelEmulator8086.csproj", "{C7D5B62C-4AE9-49A2-ADD2-3A48EBBA6E48}"
EndProject
Global
	GlobalSection(SolutionConfigurationPlatforms) = preSolution
		Debug|Any CPU = Debug|Any CPU
		Release|Any CPU = Release|Any CPU
	EndGlobalSection
	GlobalSection(ProjectConfigurationPlatforms) = postSolution
		{C7D5B62C-4AE9-49A2-ADD2-3A48EBBA6E48}.Debug|Any CPU.ActiveCfg = Debug|Any CPU
		{C7D5B62C-4AE9-49A2-ADD2-3A48EBBA6E48}.Debug|Any CPU.Build.0 = Debug|Any CPU
		{C7D5B62C-4AE9-49A2-ADD2-3A48EBBA6E48}.Release|Any CPU.ActiveCfg = Release|Any CPU
		{C7D5B62C-4AE9-49A2-ADD2-3A48EBBA6E48}.Release|Any CPU.Build.0 = Release|Any CPU
	EndGlobalSection
	GlobalSection(SolutionProperties) = preSolution
		HideSolutionNode = FALSE
	EndGlobalSection
	GlobalSection(ExtensibilityGlobals) = postSolution
		SolutionGuid = {207F97A8-5D25-4176-A7F3-12CD0E85A5BD}
	EndGlobalSection
EndGlobal
